// !$*UTF8*$!
{
	archiveVersion = 1;
	classes = {
	};
	objectVersion = 77;
	objects = {

/* Begin PBXBuildFile section */
		1346B8D7956A031EEB2F9BFF /* WorkerModels.swift in Sources */ = {isa = PBXBuildFile; fileRef = F95B6881F8025E59DD72D1B6 /* WorkerModels.swift */; };
		2B633048966C527EA282CBA4 /* WorkerClient.swift in Sources */ = {isa = PBXBuildFile; fileRef = D8DB14E2B061247011BDB5E9 /* WorkerClient.swift */; };
		2FB3CBB6B9AE4D7AE1962281 /* ContentView.swift in Sources */ = {isa = PBXBuildFile; fileRef = 18C82248B9342F6037C6EAA0 /* ContentView.swift */; };
		7B9D461236C48C884811F2CD /* AppModel.swift in Sources */ = {isa = PBXBuildFile; fileRef = 6CB60F6DCA37127977BD9262 /* AppModel.swift */; };
		BEA5754A0A36B505FC751311 /* BrowserView.swift in Sources */ = {isa = PBXBuildFile; fileRef = 5270C7CF4A0608B2BABBB089 /* BrowserView.swift */; };
		C8AB1EA0A246907F097BC95F /* ClipconApp.swift in Sources */ = {isa = PBXBuildFile; fileRef = 934BEE3D01D3B0ACF9233598 /* ClipconApp.swift */; };
		CD1E75ACAE50BA641FCAFEFF /* InspectorView.swift in Sources */ = {isa = PBXBuildFile; fileRef = 701F40840D04F4E87AA0422F /* InspectorView.swift */; };
		D3269EA7BDD799E7520CE78E /* Sheets.swift in Sources */ = {isa = PBXBuildFile; fileRef = E15B06A3D2E75C1DABE5D9F3 /* Sheets.swift */; };
		DD6C200D8EB3B38B4FF57DCA /* AutomationRun.swift in Sources */ = {isa = PBXBuildFile; fileRef = F600F10137054C9C5455D31F /* AutomationRun.swift */; };
/* End PBXBuildFile section */

/* Begin PBXFileReference section */
		18C82248B9342F6037C6EAA0 /* ContentView.swift */ = {isa = PBXFileReference; lastKnownFileType = sourcecode.swift; path = ContentView.swift; sourceTree = "<group>"; };
		5270C7CF4A0608B2BABBB089 /* BrowserView.swift */ = {isa = PBXFileReference; lastKnownFileType = sourcecode.swift; path = BrowserView.swift; sourceTree = "<group>"; };
		61DA1317040A7E84DEAAABE2 /* Info.plist */ = {isa = PBXFileReference; lastKnownFileType = text.plist; path = Info.plist; sourceTree = "<group>"; };
		6791A8763C6745A206F6FF66 /* Clipcon.app */ = {isa = PBXFileReference; explicitFileType = wrapper.application; includeInIndex = 0; path = Clipcon.app; sourceTree = BUILT_PRODUCTS_DIR; };
		6CB60F6DCA37127977BD9262 /* AppModel.swift */ = {isa = PBXFileReference; lastKnownFileType = sourcecode.swift; path = AppModel.swift; sourceTree = "<group>"; };
		701F40840D04F4E87AA0422F /* InspectorView.swift */ = {isa = PBXFileReference; lastKnownFileType = sourcecode.swift; path = InspectorView.swift; sourceTree = "<group>"; };
		934BEE3D01D3B0ACF9233598 /* ClipconApp.swift */ = {isa = PBXFileReference; lastKnownFileType = sourcecode.swift; path = ClipconApp.swift; sourceTree = "<group>"; };
		D8DB14E2B061247011BDB5E9 /* WorkerClient.swift */ = {isa = PBXFileReference; lastKnownFileType = sourcecode.swift; path = WorkerClient.swift; sourceTree = "<group>"; };
		E15B06A3D2E75C1DABE5D9F3 /* Sheets.swift */ = {isa = PBXFileReference; lastKnownFileType = sourcecode.swift; path = Sheets.swift; sourceTree = "<group>"; };
		F600F10137054C9C5455D31F /* AutomationRun.swift */ = {isa = PBXFileReference; lastKnownFileType = sourcecode.swift; path = AutomationRun.swift; sourceTree = "<group>"; };
		F95B6881F8025E59DD72D1B6 /* WorkerModels.swift */ = {isa = PBXFileReference; lastKnownFileType = sourcecode.swift; path = WorkerModels.swift; sourceTree = "<group>"; };
/* End PBXFileReference section */

/* Begin PBXGroup section */
		08CFACFA514489A4532002A1 /* Products */ = {
			isa = PBXGroup;
			children = (
				6791A8763C6745A206F6FF66 /* Clipcon.app */,
			);
			name = Products;
			sourceTree = "<group>";
		};
		15A1DB20286C07A7B88AF008 = {
			isa = PBXGroup;
			children = (
				8E7C8DE92250933B84352FF5 /* Clipcon */,
				08CFACFA514489A4532002A1 /* Products */,
			);
			sourceTree = "<group>";
		};
		8E7C8DE92250933B84352FF5 /* Clipcon */ = {
			isa = PBXGroup;
			children = (
				6CB60F6DCA37127977BD9262 /* AppModel.swift */,
				F600F10137054C9C5455D31F /* AutomationRun.swift */,
				5270C7CF4A0608B2BABBB089 /* BrowserView.swift */,
				934BEE3D01D3B0ACF9233598 /* ClipconApp.swift */,
				18C82248B9342F6037C6EAA0 /* ContentView.swift */,
				61DA1317040A7E84DEAAABE2 /* Info.plist */,
				701F40840D04F4E87AA0422F /* InspectorView.swift */,
				E15B06A3D2E75C1DABE5D9F3 /* Sheets.swift */,
				D8DB14E2B061247011BDB5E9 /* WorkerClient.swift */,
				F95B6881F8025E59DD72D1B6 /* WorkerModels.swift */,
			);
			path = Clipcon;
			sourceTree = "<group>";
		};
/* End PBXGroup section */

/* Begin PBXNativeTarget section */
		E1F9AC446130F665842006D6 /* Clipcon */ = {
			isa = PBXNativeTarget;
			buildConfigurationList = EACA44900DEDA78C94D8AA70 /* Build configuration list for PBXNativeTarget "Clipcon" */;
			buildPhases = (
				618482A12613F3EDD6AD6D28 /* Sources */,
			);
			buildRules = (
			);
			dependencies = (
			);
			name = Clipcon;
			packageProductDependencies = (
			);
			productName = Clipcon;
			productReference = 6791A8763C6745A206F6FF66 /* Clipcon.app */;
			productType = "com.apple.product-type.application";
		};
/* End PBXNativeTarget section */

/* Begin PBXProject section */
		F4D6E452AF8BC1252F0976A7 /* Project object */ = {
			isa = PBXProject;
			attributes = {
				BuildIndependentTargetsInParallel = YES;
				LastUpgradeCheck = 1430;
				TargetAttributes = {
				};
			};
			buildConfigurationList = FD066F3126CBA6DF267A8C08 /* Build configuration list for PBXProject "Clipcon" */;
			developmentRegion = en;
			hasScannedForEncodings = 0;
			knownRegions = (
				Base,
				en,
			);
			mainGroup = 15A1DB20286C07A7B88AF008;
			minimizedProjectReferenceProxies = 1;
			preferredProjectObjectVersion = 77;
			productRefGroup = 08CFACFA514489A4532002A1 /* Products */;
			projectDirPath = "";
			projectRoot = "";
			targets = (
				E1F9AC446130F665842006D6 /* Clipcon */,
			);
		};
/* End PBXProject section */

/* Begin PBXSourcesBuildPhase section */
		618482A12613F3EDD6AD6D28 /* Sources */ = {
			isa = PBXSourcesBuildPhase;
			buildActionMask = 2147483647;
			files = (
				7B9D461236C48C884811F2CD /* AppModel.swift in Sources */,
				DD6C200D8EB3B38B4FF57DCA /* AutomationRun.swift in Sources */,
				BEA5754A0A36B505FC751311 /* BrowserView.swift in Sources */,
				C8AB1EA0A246907F097BC95F /* ClipconApp.swift in Sources */,
				2FB3CBB6B9AE4D7AE1962281 /* ContentView.swift in Sources */,
				CD1E75ACAE50BA641FCAFEFF /* InspectorView.swift in Sources */,
				D3269EA7BDD799E7520CE78E /* Sheets.swift in Sources */,
				2B633048966C527EA282CBA4 /* WorkerClient.swift in Sources */,
				1346B8D7956A031EEB2F9BFF /* WorkerModels.swift in Sources */,
			);
			runOnlyForDeploymentPostprocessing = 0;
		};
/* End PBXSourcesBuildPhase section */

/* Begin XCBuildConfiguration section */
		14BDB7774EFD2338E5814AFE /* Release */ = {
			isa = XCBuildConfiguration;
			buildSettings = {
				ALWAYS_SEARCH_USER_PATHS = NO;
				CLANG_ANALYZER_NONNULL = YES;
				CLANG_ANALYZER_NUMBER_OBJECT_CONVERSION = YES_AGGRESSIVE;
				CLANG_CXX_LANGUAGE_STANDARD = "gnu++14";
				CLANG_CXX_LIBRARY = "libc++";
				CLANG_ENABLE_MODULES = YES;
				CLANG_ENABLE_OBJC_ARC = YES;
				CLANG_ENABLE_OBJC_WEAK = YES;
				CLANG_WARN_BLOCK_CAPTURE_AUTORELEASING = YES;
				CLANG_WARN_BOOL_CONVERSION = YES;
				CLANG_WARN_COMMA = YES;
				CLANG_WARN_CONSTANT_CONVERSION = YES;
				CLANG_WARN_DEPRECATED_OBJC_IMPLEMENTATIONS = YES;
				CLANG_WARN_DIRECT_OBJC_ISA_USAGE = YES_ERROR;
				CLANG_WARN_DOCUMENTATION_COMMENTS = YES;
				CLANG_WARN_EMPTY_BODY = YES;
				CLANG_WARN_ENUM_CONVERSION = YES;
				CLANG_WARN_INFINITE_RECURSION = YES;
				CLANG_WARN_INT_CONVERSION = YES;
				CLANG_WARN_NON_LITERAL_NULL_CONVERSION = YES;
				CLANG_WARN_OBJC_IMPLICIT_RETAIN_SELF = YES;
				CLANG_WARN_OBJC_LITERAL_CONVERSION = YES;
				CLANG_WARN_OBJC_ROOT_CLASS = YES_ERROR;
				CLANG_WARN_QUOTED_INCLUDE_IN_FRAMEWORK_HEADER = YES;
				CLANG_WARN_RANGE_LOOP_ANALYSIS = YES;
				CLANG_WARN_STRICT_PROTOTYPES = YES;
				CLANG_WARN_SUSPICIOUS_MOVE = YES;
				CLANG_WARN_UNGUARDED_AVAILABILITY = YES_AGGRESSIVE;
				CLANG_WARN_UNREACHABLE_CODE = YES;
				CLANG_WARN__DUPLICATE_METHOD_MATCH = YES;
				COPY_PHASE_STRIP = NO;
				DEBUG_INFORMATION_FORMAT = "dwarf-with-dsym";
				ENABLE_NS_ASSERTIONS = NO;
				ENABLE_STRICT_OBJC_MSGSEND = YES;
				GCC_C_LANGUAGE_STANDARD = gnu11;
				GCC_NO_COMMON_BLOCKS = YES;
				GCC_WARN_64_TO_32_BIT_CONVERSION = YES;
				GCC_WARN_ABOUT_RETURN_TYPE = YES_ERROR;
				GCC_WARN_UNDECLARED_SELECTOR = YES;
				GCC_WARN_UNINITIALIZED_AUTOS = YES_AGGRESSIVE;
				GCC_WARN_UNUSED_FUNCTION = YES;
				GCC_WARN_UNUSED_VARIABLE = YES;
				MACOSX_DEPLOYMENT_TARGET = 26.0;
				MTL_ENABLE_DEBUG_INFO = NO;
				MTL_FAST_MATH = YES;
				PRODUCT_NAME = "$(TARGET_NAME)";
				SDKROOT = macosx;
				SWIFT_COMPILATION_MODE = wholemodule;
				SWIFT_OPTIMIZATION_LEVEL = "-O";
				SWIFT_VERSION = 6.0;
			};
			name = Release;
		};
		5E96881E70B7242F553EFEBC /* Debug */ = {
			isa = XCBuildConfiguration;
			buildSettings = {
				ASSETCATALOG_COMPILER_APPICON_NAME = AppIcon;
				CODE_SIGN_IDENTITY = "-";
				COMBINE_HIDPI_IMAGES = YES;
				ENABLE_APP_SANDBOX = NO;
				ENABLE_HARDENED_RUNTIME = NO;
				GENERATE_INFOPLIST_FILE = YES;
				INFOPLIST_FILE = Clipcon/Info.plist;
				LD_RUNPATH_SEARCH_PATHS = (
					"$(inherited)",
					"@executable_path/../Frameworks",
				);
				PRODUCT_BUNDLE_IDENTIFIER = com.angelobaricante.clipcon;
				SDKROOT = macosx;
			};
			name = Debug;
		};
		93FBBE7881D899C9ABF23607 /* Release */ = {
			isa = XCBuildConfiguration;
			buildSettings = {
				ASSETCATALOG_COMPILER_APPICON_NAME = AppIcon;
				CODE_SIGN_IDENTITY = "-";
				COMBINE_HIDPI_IMAGES = YES;
				ENABLE_APP_SANDBOX = NO;
				ENABLE_HARDENED_RUNTIME = NO;
				GENERATE_INFOPLIST_FILE = YES;
				INFOPLIST_FILE = Clipcon/Info.plist;
				LD_RUNPATH_SEARCH_PATHS = (
					"$(inherited)",
					"@executable_path/../Frameworks",
				);
				PRODUCT_BUNDLE_IDENTIFIER = com.angelobaricante.clipcon;
				SDKROOT = macosx;
			};
			name = Release;
		};
		9AB338C5E9769CD9F4EC117B /* Debug */ = {
			isa = XCBuildConfiguration;
			buildSettings = {
				ALWAYS_SEARCH_USER_PATHS = NO;
				CLANG_ANALYZER_NONNULL = YES;
				CLANG_ANALYZER_NUMBER_OBJECT_CONVERSION = YES_AGGRESSIVE;
				CLANG_CXX_LANGUAGE_STANDARD = "gnu++14";
				CLANG_CXX_LIBRARY = "libc++";
				CLANG_ENABLE_MODULES = YES;
				CLANG_ENABLE_OBJC_ARC = YES;
				CLANG_ENABLE_OBJC_WEAK = YES;
				CLANG_WARN_BLOCK_CAPTURE_AUTORELEASING = YES;
				CLANG_WARN_BOOL_CONVERSION = YES;
				CLANG_WARN_COMMA = YES;
				CLANG_WARN_CONSTANT_CONVERSION = YES;
				CLANG_WARN_DEPRECATED_OBJC_IMPLEMENTATIONS = YES;
				CLANG_WARN_DIRECT_OBJC_ISA_USAGE = YES_ERROR;
				CLANG_WARN_DOCUMENTATION_COMMENTS = YES;
				CLANG_WARN_EMPTY_BODY = YES;
				CLANG_WARN_ENUM_CONVERSION = YES;
				CLANG_WARN_INFINITE_RECURSION = YES;
				CLANG_WARN_INT_CONVERSION = YES;
				CLANG_WARN_NON_LITERAL_NULL_CONVERSION = YES;
				CLANG_WARN_OBJC_IMPLICIT_RETAIN_SELF = YES;
				CLANG_WARN_OBJC_LITERAL_CONVERSION = YES;
				CLANG_WARN_OBJC_ROOT_CLASS = YES_ERROR;
				CLANG_WARN_QUOTED_INCLUDE_IN_FRAMEWORK_HEADER = YES;
				CLANG_WARN_RANGE_LOOP_ANALYSIS = YES;
				CLANG_WARN_STRICT_PROTOTYPES = YES;
				CLANG_WARN_SUSPICIOUS_MOVE = YES;
				CLANG_WARN_UNGUARDED_AVAILABILITY = YES_AGGRESSIVE;
				CLANG_WARN_UNREACHABLE_CODE = YES;
				CLANG_WARN__DUPLICATE_METHOD_MATCH = YES;
				COPY_PHASE_STRIP = NO;
				DEBUG_INFORMATION_FORMAT = dwarf;
				ENABLE_STRICT_OBJC_MSGSEND = YES;
				ENABLE_TESTABILITY = YES;
				GCC_C_LANGUAGE_STANDARD = gnu11;
				GCC_DYNAMIC_NO_PIC = NO;
				GCC_NO_COMMON_BLOCKS = YES;
				GCC_OPTIMIZATION_LEVEL = 0;
				GCC_PREPROCESSOR_DEFINITIONS = (
					"$(inherited)",
					"DEBUG=1",
				);
				GCC_WARN_64_TO_32_BIT_CONVERSION = YES;
				GCC_WARN_ABOUT_RETURN_TYPE = YES_ERROR;
				GCC_WARN_UNDECLARED_SELECTOR = YES;
				GCC_WARN_UNINITIALIZED_AUTOS = YES_AGGRESSIVE;
				GCC_WARN_UNUSED_FUNCTION = YES;
				GCC_WARN_UNUSED_VARIABLE = YES;
				MACOSX_DEPLOYMENT_TARGET = 26.0;
				MTL_ENABLE_DEBUG_INFO = INCLUDE_SOURCE;
				MTL_FAST_MATH = YES;
				ONLY_ACTIVE_ARCH = YES;
				PRODUCT_NAME = "$(TARGET_NAME)";
				SDKROOT = macosx;
				SWIFT_ACTIVE_COMPILATION_CONDITIONS = DEBUG;
				SWIFT_OPTIMIZATION_LEVEL = "-Onone";
				SWIFT_VERSION = 6.0;
			};
			name = Debug;
		};
/* End XCBuildConfiguration section */

/* Begin XCConfigurationList section */
		EACA44900DEDA78C94D8AA70 /* Build configuration list for PBXNativeTarget "Clipcon" */ = {
			isa = XCConfigurationList;
			buildConfigurations = (
				5E96881E70B7242F553EFEBC /* Debug */,
				93FBBE7881D899C9ABF23607 /* Release */,
			);
			defaultConfigurationIsVisible = 0;
			defaultConfigurationName = Debug;
		};
		FD066F3126CBA6DF267A8C08 /* Build configuration list for PBXProject "Clipcon" */ = {
			isa = XCConfigurationList;
			buildConfigurations = (
				9AB338C5E9769CD9F4EC117B /* Debug */,
				14BDB7774EFD2338E5814AFE /* Release */,
			);
			defaultConfigurationIsVisible = 0;
			defaultConfigurationName = Debug;
		};
/* End XCConfigurationList section */
	};
	rootObject = F4D6E452AF8BC1252F0976A7 /* Project object */;
}
